<?xml version="1.0" encoding="utf-8"?>
<Project ToolsVersion="4.0" xmlns="http://schemas.microsoft.com/developer/msbuild/2003">
  <ItemGroup>
    <Filter Include="Quelldateien">
      <UniqueIdentifier>{4FC737F1-C7A5-4376-A066-2A32D752A2FF}</UniqueIdentifier>
      <Extensions>cpp;c;cc;cxx;c++;cppm;ixx;def;odl;idl;hpj;bat;asm;asmx</Extensions>
    </Filter>
    <Filter Include="Headerdateien">
      <UniqueIdentifier>{93995380-89BD-4b04-88EB-625FBE52EBFB}</UniqueIdentifier>
      <Extensions>h;hh;hpp;hxx;h++;hm;inl;inc;ipp;xsd</Extensions>
    </Filter>
    <Filter Include="Ressourcendateien">
      <UniqueIdentifier>{67DA6AB6-F800-4c08-8B7A-83BB121AAD01}</UniqueIdentifier>
      <Extensions>rc;ico;cur;bmp;dlg;rc2;rct;bin;rgs;gif;jpg;jpeg;jpe;resx;tiff;tif;png;wav;mfcribbon-ms</Extensions>
    </Filter>
  </ItemGroup>
  <ItemGroup>
    <ClCompile Include="src\flexible_array.cpp">
      <Filter>Quelldateien</Filter>
    </ClCompile>
    <ClCompile Include="src\gamestate_t.cpp">
      <Filter>Quelldateien</Filter>
    </ClCompile>
    <ClCompile Include="src\main.cpp">
      <Filter>Quelldateien</Filter>
    </ClCompile>
    <ClCompile Include="src\guimaster_t.cpp">
      <Filter>Quelldateien</Filter>
    </ClCompile>
    <ClCompile Include="src\logic.cpp">
      <Filter>Quelldateien</Filter>
    </ClCompile>
    <ClCompile Include="src\grid.cpp">
      <Filter>Quelldateien</Filter>
    </ClCompile>
    <ClCompile Include="src\mouse_tools.cpp">
      <Filter>Quelldateien</Filter>
    </ClCompile>
    <ClCompile Include="src\timer.cpp">
      <Filter>Quelldateien</Filter>
    </ClCompile>
  </ItemGroup>
  <ItemGroup>
    <ClInclude Include="src\flexible_array.hpp">
      <Filter>Quelldateien</Filter>
    </ClInclude>
    <ClInclude Include="src\gamestate_t.hpp">
      <Filter>Quelldateien</Filter>
    </ClInclude>
    <ClInclude Include="src\grid.hpp">
      <Filter>Quelldateien</Filter>
    </ClInclude>
    <ClInclude Include="src\gui_button_implementation.hpp">
      <Filter>Quelldateien</Filter>
    </ClInclude>
    <ClInclude Include="src\gui_debug_main.hpp">
      <Filter>Quelldateien</Filter>
    </ClInclude>
    <ClInclude Include="src\gui_structs.hpp">
      <Filter>Headerdateien</Filter>
    </ClInclude>
    <ClInclude Include="src\guimaster_t.hpp">
      <Filter>Headerdateien</Filter>
    </ClInclude>
    <ClInclude Include="src\gui_debug_mouse.hpp">
      <Filter>Headerdateien</Filter>
    </ClInclude>
    <ClInclude Include="src\GlobalDefinitions.hpp">
      <Filter>Headerdateien</Filter>
    </ClInclude>
    <ClInclude Include="src\logic.hpp">
      <Filter>Headerdateien</Filter>
    </ClInclude>
    <ClInclude Include="src\gui_debug_logic.hpp">
      <Filter>Headerdateien</Filter>
    </ClInclude>
    <ClInclude Include="src\mouse_tools.hpp">
      <Filter>Headerdateien</Filter>
    </ClInclude>
    <ClInclude Include="src\gui_main_window.hpp">
      <Filter>Headerdateien</Filter>
    </ClInclude>
    <ClInclude Include="src\gui_hidden_ui_message.hpp">
      <Filter>Headerdateien</Filter>
    </ClInclude>
    <ClInclude Include="src\timer.hpp">
      <Filter>Headerdateien</Filter>
    </ClInclude>
  </ItemGroup>
  <ItemGroup>
    <None Include=".editorconfig" />
  </ItemGroup>
</Project>